
Microsoft Visual Studio Solution File, Format Version 12.00
# Visual Studio 15
VisualStudioVersion = 15.0.28307.271
MinimumVisualStudioVersion = 10.0.40219.1
Project("{FAE04EC0-301F-11D3-BF4B-00C04F79EFBC}") = "TimePerson", "TimePerson\TimePerson.csproj", "{6347A761-B2E2-4ACA-98A6-F95BC56DF822}"
EndProject
Global
	GlobalSection(SolutionConfigurationPlatforms) = preSolution
		Debug|Any CPU = Debug|Any CPU
		Release|Any CPU = Release|Any CPU
	EndGlobalSection
	GlobalSection(ProjectConfigurationPlatforms) = postSolution
		{6347A761-B2E2-4ACA-98A6-F95BC56DF822}.Debug|Any CPU.ActiveCfg = Debug|Any CPU
		{6347A761-B2E2-4ACA-98A6-F95BC56DF822}.Debug|Any CPU.Build.0 = Debug|Any CPU
		{6347A761-B2E2-4ACA-98A6-F95BC56DF822}.Release|Any CPU.ActiveCfg = Release|Any CPU
		{6347A761-B2E2-4ACA-98A6-F95BC56DF822}.Release|Any CPU.Build.0 = Release|Any CPU
	EndGlobalSection
	GlobalSection(SolutionProperties) = preSolution
		HideSolutionNode = FALSE
	EndGlobalSection
	GlobalSection(ExtensibilityGlobals) = postSolution
		SolutionGuid = {4619FD6B-988A-429F-B1B5-CCD5CDA26F08}
	EndGlobalSection
EndGlobal
